
Microsoft Visual Studio Solution File, Format Version 12.00
# Visual Studio 2012
Project("{FAE04EC0-301F-11D3-BF4B-00C04F79EFBC}") = "CERP.Core", "CERP.Core\CERP.Core.csproj", "{31588F31-2C0D-4BD0-8AD4-310859094D9C}"
EndProject
Project("{FAE04EC0-301F-11D3-BF4B-00C04F79EFBC}") = "CERP.Modules.Security", "CERP.Modules.Security\CERP.Modules.Security.csproj", "{F8A87C2D-22F8-45BD-809F-A48E6EB1F7BB}"
EndProject
Project("{2150E333-8FDC-42A3-9474-1A3956D46DE8}") = "Modules", "Modules", "{656AFA5E-C4F6-435A-824E-397B5ACA2FB3}"
EndProject
Project("{FAE04EC0-301F-11D3-BF4B-00C04F79EFBC}") = "CERP.Modules.Security.Tests", "CERP.Modules.Security.Tests\CERP.Modules.Security.Tests.csproj", "{C2ECFEEF-20D0-4D3A-88DC-7FE591EA4C1E}"
EndProject
Project("{2150E333-8FDC-42A3-9474-1A3956D46DE8}") = "Tests", "Tests", "{CDE8B575-3D21-4A87-AE18-1549F530D672}"
EndProject
Project("{FAE04EC0-301F-11D3-BF4B-00C04F79EFBC}") = "CERP.Models", "CERP.Modules.Models\CERP.Models.csproj", "{21A73CD5-A6BE-49FF-BE2A-C2E5226D090D}"
EndProject
Project("{2150E333-8FDC-42A3-9474-1A3956D46DE8}") = "Shared", "Shared", "{EAB23134-E72C-40A1-AEA9-07D820B94A79}"
EndProject
Project("{2150E333-8FDC-42A3-9474-1A3956D46DE8}") = "Start", "Start", "{6639A136-9761-42F5-BB3C-DDAE81CEE6B9}"
EndProject
Project("{FAE04EC0-301F-11D3-BF4B-00C04F79EFBC}") = "CERP.Main", "CERP.Main\CERP.Main.csproj", "{8A28E9F9-D943-4069-A8FD-76A3C9F33871}"
EndProject
Project("{FAE04EC0-301F-11D3-BF4B-00C04F79EFBC}") = "CERP.Modules.DataManagement", "CERP.Modules.DataManagement\CERP.Modules.DataManagement.csproj", "{B1E6C9C3-F845-4284-BA77-0C07FDE80DED}"
EndProject
Project("{FAE04EC0-301F-11D3-BF4B-00C04F79EFBC}") = "CERP.Modules.DataManagement.Tests", "CERP.Modules.DataManagement.Tests\CERP.Modules.DataManagement.Tests.csproj", "{56BA7EF0-277C-440B-A99E-EFF7EE758AF2}"
EndProject
Project("{FAE04EC0-301F-11D3-BF4B-00C04F79EFBC}") = "CERP.Modules.Procurement", "CERP.Modules.Procurement\CERP.Modules.Procurement.csproj", "{3A625739-FA4A-4C0D-995B-CAE7DE22A122}"
EndProject
Project("{FAE04EC0-301F-11D3-BF4B-00C04F79EFBC}") = "CERP.Modules.Procurement.Tests", "CERP.Modules.Procurement.Tests\CERP.Modules.Procurement.Tests.csproj", "{755CB210-7F97-48FC-BBC3-D54C67EE328D}"
EndProject
Project("{FAE04EC0-301F-11D3-BF4B-00C04F79EFBC}") = "Apex.Common", "Apex.Common\Apex.Common.csproj", "{62D207FB-8713-4B55-BEBB-9D90FD78F0DF}"
EndProject
Project("{FAE04EC0-301F-11D3-BF4B-00C04F79EFBC}") = "CERP.Modules.HumanResources", "CERP.Modules.HumanResources\CERP.Modules.HumanResources.csproj", "{43B060A1-CD2B-4AC5-AFB8-54189B68AA52}"
EndProject
Project("{FAE04EC0-301F-11D3-BF4B-00C04F79EFBC}") = "CERP.Modules.HumanResources.Tests", "CERP.Modules.HumanResources.Tests\CERP.Modules.HumanResources.Tests.csproj", "{BDFEFE19-3D55-447C-BA5E-FDC3143EBAA0}"
EndProject
Project("{2150E333-8FDC-42A3-9474-1A3956D46DE8}") = "HumanResources", "HumanResources", "{764C3214-C565-450A-9EA7-C9E6333414DC}"
EndProject
Project("{FAE04EC0-301F-11D3-BF4B-00C04F79EFBC}") = "CERP.Modules.HumanResources.Controls", "CERP.Modules.HumanResources.Controls\CERP.Modules.HumanResources.Controls.csproj", "{965A1CD2-5631-471A-A7D1-9C1982A25352}"
EndProject
Global
	GlobalSection(SolutionConfigurationPlatforms) = preSolution
		Debug|Any CPU = Debug|Any CPU
		Release|Any CPU = Release|Any CPU
	EndGlobalSection
	GlobalSection(ProjectConfigurationPlatforms) = postSolution
		{31588F31-2C0D-4BD0-8AD4-310859094D9C}.Debug|Any CPU.ActiveCfg = Debug|Any CPU
		{31588F31-2C0D-4BD0-8AD4-310859094D9C}.Debug|Any CPU.Build.0 = Debug|Any CPU
		{31588F31-2C0D-4BD0-8AD4-310859094D9C}.Release|Any CPU.ActiveCfg = Release|Any CPU
		{31588F31-2C0D-4BD0-8AD4-310859094D9C}.Release|Any CPU.Build.0 = Release|Any CPU
		{F8A87C2D-22F8-45BD-809F-A48E6EB1F7BB}.Debug|Any CPU.ActiveCfg = Debug|Any CPU
		{F8A87C2D-22F8-45BD-809F-A48E6EB1F7BB}.Debug|Any CPU.Build.0 = Debug|Any CPU
		{F8A87C2D-22F8-45BD-809F-A48E6EB1F7BB}.Release|Any CPU.ActiveCfg = Release|Any CPU
		{F8A87C2D-22F8-45BD-809F-A48E6EB1F7BB}.Release|Any CPU.Build.0 = Release|Any CPU
		{C2ECFEEF-20D0-4D3A-88DC-7FE591EA4C1E}.Debug|Any CPU.ActiveCfg = Debug|Any CPU
		{C2ECFEEF-20D0-4D3A-88DC-7FE591EA4C1E}.Debug|Any CPU.Build.0 = Debug|Any CPU
		{C2ECFEEF-20D0-4D3A-88DC-7FE591EA4C1E}.Release|Any CPU.ActiveCfg = Release|Any CPU
		{C2ECFEEF-20D0-4D3A-88DC-7FE591EA4C1E}.Release|Any CPU.Build.0 = Release|Any CPU
		{21A73CD5-A6BE-49FF-BE2A-C2E5226D090D}.Debug|Any CPU.ActiveCfg = Debug|Any CPU
		{21A73CD5-A6BE-49FF-BE2A-C2E5226D090D}.Debug|Any CPU.Build.0 = Debug|Any CPU
		{21A73CD5-A6BE-49FF-BE2A-C2E5226D090D}.Release|Any CPU.ActiveCfg = Release|Any CPU
		{21A73CD5-A6BE-49FF-BE2A-C2E5226D090D}.Release|Any CPU.Build.0 = Release|Any CPU
		{8A28E9F9-D943-4069-A8FD-76A3C9F33871}.Debug|Any CPU.ActiveCfg = Debug|Any CPU
		{8A28E9F9-D943-4069-A8FD-76A3C9F33871}.Debug|Any CPU.Build.0 = Debug|Any CPU
		{8A28E9F9-D943-4069-A8FD-76A3C9F33871}.Release|Any CPU.ActiveCfg = Release|Any CPU
		{8A28E9F9-D943-4069-A8FD-76A3C9F33871}.Release|Any CPU.Build.0 = Release|Any CPU
		{B1E6C9C3-F845-4284-BA77-0C07FDE80DED}.Debug|Any CPU.ActiveCfg = Debug|Any CPU
		{B1E6C9C3-F845-4284-BA77-0C07FDE80DED}.Debug|Any CPU.Build.0 = Debug|Any CPU
		{B1E6C9C3-F845-4284-BA77-0C07FDE80DED}.Release|Any CPU.ActiveCfg = Release|Any CPU
		{B1E6C9C3-F845-4284-BA77-0C07FDE80DED}.Release|Any CPU.Build.0 = Release|Any CPU
		{56BA7EF0-277C-440B-A99E-EFF7EE758AF2}.Debug|Any CPU.ActiveCfg = Debug|Any CPU
		{56BA7EF0-277C-440B-A99E-EFF7EE758AF2}.Debug|Any CPU.Build.0 = Debug|Any CPU
		{56BA7EF0-277C-440B-A99E-EFF7EE758AF2}.Release|Any CPU.ActiveCfg = Release|Any CPU
		{56BA7EF0-277C-440B-A99E-EFF7EE758AF2}.Release|Any CPU.Build.0 = Release|Any CPU
		{3A625739-FA4A-4C0D-995B-CAE7DE22A122}.Debug|Any CPU.ActiveCfg = Debug|Any CPU
		{3A625739-FA4A-4C0D-995B-CAE7DE22A122}.Debug|Any CPU.Build.0 = Debug|Any CPU
		{3A625739-FA4A-4C0D-995B-CAE7DE22A122}.Release|Any CPU.ActiveCfg = Release|Any CPU
		{3A625739-FA4A-4C0D-995B-CAE7DE22A122}.Release|Any CPU.Build.0 = Release|Any CPU
		{755CB210-7F97-48FC-BBC3-D54C67EE328D}.Debug|Any CPU.ActiveCfg = Debug|Any CPU
		{755CB210-7F97-48FC-BBC3-D54C67EE328D}.Debug|Any CPU.Build.0 = Debug|Any CPU
		{755CB210-7F97-48FC-BBC3-D54C67EE328D}.Release|Any CPU.ActiveCfg = Release|Any CPU
		{755CB210-7F97-48FC-BBC3-D54C67EE328D}.Release|Any CPU.Build.0 = Release|Any CPU
		{62D207FB-8713-4B55-BEBB-9D90FD78F0DF}.Debug|Any CPU.ActiveCfg = Debug|Any CPU
		{62D207FB-8713-4B55-BEBB-9D90FD78F0DF}.Debug|Any CPU.Build.0 = Debug|Any CPU
		{62D207FB-8713-4B55-BEBB-9D90FD78F0DF}.Release|Any CPU.ActiveCfg = Release|Any CPU
		{62D207FB-8713-4B55-BEBB-9D90FD78F0DF}.Release|Any CPU.Build.0 = Release|Any CPU
		{43B060A1-CD2B-4AC5-AFB8-54189B68AA52}.Debug|Any CPU.ActiveCfg = Debug|Any CPU
		{43B060A1-CD2B-4AC5-AFB8-54189B68AA52}.Debug|Any CPU.Build.0 = Debug|Any CPU
		{43B060A1-CD2B-4AC5-AFB8-54189B68AA52}.Release|Any CPU.ActiveCfg = Release|Any CPU
		{43B060A1-CD2B-4AC5-AFB8-54189B68AA52}.Release|Any CPU.Build.0 = Release|Any CPU
		{BDFEFE19-3D55-447C-BA5E-FDC3143EBAA0}.Debug|Any CPU.ActiveCfg = Debug|Any CPU
		{BDFEFE19-3D55-447C-BA5E-FDC3143EBAA0}.Debug|Any CPU.Build.0 = Debug|Any CPU
		{BDFEFE19-3D55-447C-BA5E-FDC3143EBAA0}.Release|Any CPU.ActiveCfg = Release|Any CPU
		{BDFEFE19-3D55-447C-BA5E-FDC3143EBAA0}.Release|Any CPU.Build.0 = Release|Any CPU
		{965A1CD2-5631-471A-A7D1-9C1982A25352}.Debug|Any CPU.ActiveCfg = Debug|Any CPU
		{965A1CD2-5631-471A-A7D1-9C1982A25352}.Debug|Any CPU.Build.0 = Debug|Any CPU
		{965A1CD2-5631-471A-A7D1-9C1982A25352}.Release|Any CPU.ActiveCfg = Release|Any CPU
		{965A1CD2-5631-471A-A7D1-9C1982A25352}.Release|Any CPU.Build.0 = Release|Any CPU
	EndGlobalSection
	GlobalSection(SolutionProperties) = preSolution
		HideSolutionNode = FALSE
	EndGlobalSection
	GlobalSection(NestedProjects) = preSolution
		{F8A87C2D-22F8-45BD-809F-A48E6EB1F7BB} = {656AFA5E-C4F6-435A-824E-397B5ACA2FB3}
		{B1E6C9C3-F845-4284-BA77-0C07FDE80DED} = {656AFA5E-C4F6-435A-824E-397B5ACA2FB3}
		{3A625739-FA4A-4C0D-995B-CAE7DE22A122} = {656AFA5E-C4F6-435A-824E-397B5ACA2FB3}
		{764C3214-C565-450A-9EA7-C9E6333414DC} = {656AFA5E-C4F6-435A-824E-397B5ACA2FB3}
		{C2ECFEEF-20D0-4D3A-88DC-7FE591EA4C1E} = {CDE8B575-3D21-4A87-AE18-1549F530D672}
		{56BA7EF0-277C-440B-A99E-EFF7EE758AF2} = {CDE8B575-3D21-4A87-AE18-1549F530D672}
		{755CB210-7F97-48FC-BBC3-D54C67EE328D} = {CDE8B575-3D21-4A87-AE18-1549F530D672}
		{BDFEFE19-3D55-447C-BA5E-FDC3143EBAA0} = {CDE8B575-3D21-4A87-AE18-1549F530D672}
		{21A73CD5-A6BE-49FF-BE2A-C2E5226D090D} = {EAB23134-E72C-40A1-AEA9-07D820B94A79}
		{62D207FB-8713-4B55-BEBB-9D90FD78F0DF} = {EAB23134-E72C-40A1-AEA9-07D820B94A79}
		{8A28E9F9-D943-4069-A8FD-76A3C9F33871} = {6639A136-9761-42F5-BB3C-DDAE81CEE6B9}
		{43B060A1-CD2B-4AC5-AFB8-54189B68AA52} = {764C3214-C565-450A-9EA7-C9E6333414DC}
		{965A1CD2-5631-471A-A7D1-9C1982A25352} = {764C3214-C565-450A-9EA7-C9E6333414DC}
	EndGlobalSection
	GlobalSection(ExtensibilityGlobals) = postSolution
		EnterpriseLibraryConfigurationToolBinariesPath = packages\EnterpriseLibrary.Caching.5.0.505.0\lib\NET35;packages\EnterpriseLibrary.Security.Cryptography.5.0.505.0\lib\NET35;packages\EnterpriseLibrary.Caching.Cryptography.5.0.505.0\lib\NET35
		EnterpriseLibraryConfigurationToolBinariesPathV6 = packages\EnterpriseLibrary.Common.6.0.1304.0\lib\NET45;packages\EnterpriseLibrary.Logging.6.0.1304.0\lib\NET45;packages\EnterpriseLibrary.Validation.6.0.1304.0\lib\NET45;packages\EnterpriseLibrary.Data.6.0.1304.0\lib\NET45;packages\EnterpriseLibrary.ExceptionHandling.6.0.1304.0\lib\NET45
	EndGlobalSection
EndGlobal
